
Microsoft Visual Studio Solution File, Format Version 12.00
# Visual Studio Version 16
VisualStudioVersion = 16.0.30204.135
MinimumVisualStudioVersion = 10.0.40219.1
Project("{2150E333-8FDC-42A3-9474-1A3956D46DE8}") = "src", "src", "{3C9B3FB1-394E-447E-A9AB-16A20B37CFD2}"
EndProject
Project("{FAE04EC0-301F-11D3-BF4B-00C04F79EFBC}") = "WebApplication", "src\WebApplication\WebApplication.csproj", "{046F39EF-F654-4DC4-ADB3-B6FAF0620C7A}"
EndProject
Global
	GlobalSection(SolutionConfigurationPlatforms) = preSolution
		Debug|Any CPU = Debug|Any CPU
		Release|Any CPU = Release|Any CPU
	EndGlobalSection
	GlobalSection(ProjectConfigurationPlatforms) = postSolution
		{046F39EF-F654-4DC4-ADB3-B6FAF0620C7A}.Debug|Any CPU.ActiveCfg = Debug|Any CPU
		{046F39EF-F654-4DC4-ADB3-B6FAF0620C7A}.Debug|Any CPU.Build.0 = Debug|Any CPU
		{046F39EF-F654-4DC4-ADB3-B6FAF0620C7A}.Release|Any CPU.ActiveCfg = Release|Any CPU
		{046F39EF-F654-4DC4-ADB3-B6FAF0620C7A}.Release|Any CPU.Build.0 = Release|Any CPU
	EndGlobalSection
	GlobalSection(SolutionProperties) = preSolution
		HideSolutionNode = FALSE
	EndGlobalSection
	GlobalSection(NestedProjects) = preSolution
		{046F39EF-F654-4DC4-ADB3-B6FAF0620C7A} = {3C9B3FB1-394E-447E-A9AB-16A20B37CFD2}
	EndGlobalSection
	GlobalSection(ExtensibilityGlobals) = postSolution
		SolutionGuid = {504CBCED-8F12-4731-9713-595EDCC5DE98}
	EndGlobalSection
EndGlobal
